
Microsoft Visual Studio Solution File, Format Version 12.00
# Visual Studio 15
VisualStudioVersion = 15.0.28010.2048
MinimumVisualStudioVersion = 10.0.40219.1
Project("{2150E333-8FDC-42A3-9474-1A3956D46DE8}") = "UI", "UI", "{40446E05-1F60-4C5B-9919-60C6227D9164}"
EndProject
Project("{2150E333-8FDC-42A3-9474-1A3956D46DE8}") = "Core", "Core", "{8F3C66D1-20CC-41E5-B785-DD33DA155ECD}"
EndProject
Project("{2150E333-8FDC-42A3-9474-1A3956D46DE8}") = "Tests", "Tests", "{DF842C0F-4927-483A-BB1C-52026CC96D20}"
EndProject
Project("{FAE04EC0-301F-11D3-BF4B-00C04F79EFBC}") = "UnitTestProject", "Sources\Tests\UnitTestProject\UnitTestProject.csproj", "{2FBFD94D-66E5-48BA-A4B4-8A9C6810A112}"
EndProject
Project("{FAE04EC0-301F-11D3-BF4B-00C04F79EFBC}") = "Quest.Controls", "Sources\Core\Quest.Controls\Quest.Controls.csproj", "{5EDBDB8C-6FD7-4DDB-88E8-EC5CE8958209}"
EndProject
Project("{FAE04EC0-301F-11D3-BF4B-00C04F79EFBC}") = "Quest.Core.Tests", "Sources\Tests\Quest.Core.Tests\Quest.Core.Tests.csproj", "{73EA1BE0-A4EE-47E4-A871-8B2D71ABBFD5}"
EndProject
Project("{FAE04EC0-301F-11D3-BF4B-00C04F79EFBC}") = "Quest.Core", "Sources\Core\Quest.Core\Quest.Core.csproj", "{441F42B4-D564-4171-BF64-9D52376D7F68}"
EndProject
Project("{FAE04EC0-301F-11D3-BF4B-00C04F79EFBC}") = "Quest.Constructor", "Sources\UI\Quest.Constructor\Quest.Constructor.csproj", "{62C63751-196E-416F-802D-A281AEAE398A}"
EndProject
Project("{FAE04EC0-301F-11D3-BF4B-00C04F79EFBC}") = "Quest.Interview", "Sources\UI\Quest.Interview\Quest.Interview.csproj", "{2693933E-C04A-4AA7-A516-9638C94E98CB}"
EndProject
Project("{FAE04EC0-301F-11D3-BF4B-00C04F79EFBC}") = "Quest.Localizable", "Sources\Core\Quest.Localizable\Quest.Localizable.csproj", "{B1BC5ED0-E216-4004-AA85-91427413EB89}"
EndProject
Global
	GlobalSection(SolutionConfigurationPlatforms) = preSolution
		Debug|Any CPU = Debug|Any CPU
		Debug|x64 = Debug|x64
		Debug|x86 = Debug|x86
		develop|Any CPU = develop|Any CPU
		develop|x64 = develop|x64
		develop|x86 = develop|x86
		production|Any CPU = production|Any CPU
		production|x64 = production|x64
		production|x86 = production|x86
		Release|Any CPU = Release|Any CPU
		Release|x64 = Release|x64
		Release|x86 = Release|x86
		vasiliy.stan|Any CPU = vasiliy.stan|Any CPU
		vasiliy.stan|x64 = vasiliy.stan|x64
		vasiliy.stan|x86 = vasiliy.stan|x86
	EndGlobalSection
	GlobalSection(ProjectConfigurationPlatforms) = postSolution
		{2FBFD94D-66E5-48BA-A4B4-8A9C6810A112}.Debug|Any CPU.ActiveCfg = Debug|Any CPU
		{2FBFD94D-66E5-48BA-A4B4-8A9C6810A112}.Debug|Any CPU.Build.0 = Debug|Any CPU
		{2FBFD94D-66E5-48BA-A4B4-8A9C6810A112}.Debug|x64.ActiveCfg = Debug|Any CPU
		{2FBFD94D-66E5-48BA-A4B4-8A9C6810A112}.Debug|x64.Build.0 = Debug|Any CPU
		{2FBFD94D-66E5-48BA-A4B4-8A9C6810A112}.Debug|x86.ActiveCfg = Debug|Any CPU
		{2FBFD94D-66E5-48BA-A4B4-8A9C6810A112}.Debug|x86.Build.0 = Debug|Any CPU
		{2FBFD94D-66E5-48BA-A4B4-8A9C6810A112}.develop|Any CPU.ActiveCfg = Debug|Any CPU
		{2FBFD94D-66E5-48BA-A4B4-8A9C6810A112}.develop|Any CPU.Build.0 = Debug|Any CPU
		{2FBFD94D-66E5-48BA-A4B4-8A9C6810A112}.develop|x64.ActiveCfg = Debug|Any CPU
		{2FBFD94D-66E5-48BA-A4B4-8A9C6810A112}.develop|x64.Build.0 = Debug|Any CPU
		{2FBFD94D-66E5-48BA-A4B4-8A9C6810A112}.develop|x86.ActiveCfg = Debug|Any CPU
		{2FBFD94D-66E5-48BA-A4B4-8A9C6810A112}.develop|x86.Build.0 = Debug|Any CPU
		{2FBFD94D-66E5-48BA-A4B4-8A9C6810A112}.production|Any CPU.ActiveCfg = Release|Any CPU
		{2FBFD94D-66E5-48BA-A4B4-8A9C6810A112}.production|Any CPU.Build.0 = Release|Any CPU
		{2FBFD94D-66E5-48BA-A4B4-8A9C6810A112}.production|x64.ActiveCfg = Release|Any CPU
		{2FBFD94D-66E5-48BA-A4B4-8A9C6810A112}.production|x64.Build.0 = Release|Any CPU
		{2FBFD94D-66E5-48BA-A4B4-8A9C6810A112}.production|x86.ActiveCfg = Release|Any CPU
		{2FBFD94D-66E5-48BA-A4B4-8A9C6810A112}.production|x86.Build.0 = Release|Any CPU
		{2FBFD94D-66E5-48BA-A4B4-8A9C6810A112}.Release|Any CPU.ActiveCfg = Release|Any CPU
		{2FBFD94D-66E5-48BA-A4B4-8A9C6810A112}.Release|Any CPU.Build.0 = Release|Any CPU
		{2FBFD94D-66E5-48BA-A4B4-8A9C6810A112}.Release|x64.ActiveCfg = Release|Any CPU
		{2FBFD94D-66E5-48BA-A4B4-8A9C6810A112}.Release|x64.Build.0 = Release|Any CPU
		{2FBFD94D-66E5-48BA-A4B4-8A9C6810A112}.Release|x86.ActiveCfg = Release|Any CPU
		{2FBFD94D-66E5-48BA-A4B4-8A9C6810A112}.Release|x86.Build.0 = Release|Any CPU
		{2FBFD94D-66E5-48BA-A4B4-8A9C6810A112}.vasiliy.stan|Any CPU.ActiveCfg = Release|Any CPU
		{2FBFD94D-66E5-48BA-A4B4-8A9C6810A112}.vasiliy.stan|Any CPU.Build.0 = Release|Any CPU
		{2FBFD94D-66E5-48BA-A4B4-8A9C6810A112}.vasiliy.stan|x64.ActiveCfg = Release|Any CPU
		{2FBFD94D-66E5-48BA-A4B4-8A9C6810A112}.vasiliy.stan|x64.Build.0 = Release|Any CPU
		{2FBFD94D-66E5-48BA-A4B4-8A9C6810A112}.vasiliy.stan|x86.ActiveCfg = Release|Any CPU
		{2FBFD94D-66E5-48BA-A4B4-8A9C6810A112}.vasiliy.stan|x86.Build.0 = Release|Any CPU
		{5EDBDB8C-6FD7-4DDB-88E8-EC5CE8958209}.Debug|Any CPU.ActiveCfg = Debug|Any CPU
		{5EDBDB8C-6FD7-4DDB-88E8-EC5CE8958209}.Debug|Any CPU.Build.0 = Debug|Any CPU
		{5EDBDB8C-6FD7-4DDB-88E8-EC5CE8958209}.Debug|x64.ActiveCfg = Debug|Any CPU
		{5EDBDB8C-6FD7-4DDB-88E8-EC5CE8958209}.Debug|x64.Build.0 = Debug|Any CPU
		{5EDBDB8C-6FD7-4DDB-88E8-EC5CE8958209}.Debug|x86.ActiveCfg = Debug|Any CPU
		{5EDBDB8C-6FD7-4DDB-88E8-EC5CE8958209}.Debug|x86.Build.0 = Debug|Any CPU
		{5EDBDB8C-6FD7-4DDB-88E8-EC5CE8958209}.develop|Any CPU.ActiveCfg = Debug|Any CPU
		{5EDBDB8C-6FD7-4DDB-88E8-EC5CE8958209}.develop|Any CPU.Build.0 = Debug|Any CPU
		{5EDBDB8C-6FD7-4DDB-88E8-EC5CE8958209}.develop|x64.ActiveCfg = Debug|Any CPU
		{5EDBDB8C-6FD7-4DDB-88E8-EC5CE8958209}.develop|x64.Build.0 = Debug|Any CPU
		{5EDBDB8C-6FD7-4DDB-88E8-EC5CE8958209}.develop|x86.ActiveCfg = Debug|Any CPU
		{5EDBDB8C-6FD7-4DDB-88E8-EC5CE8958209}.develop|x86.Build.0 = Debug|Any CPU
		{5EDBDB8C-6FD7-4DDB-88E8-EC5CE8958209}.production|Any CPU.ActiveCfg = Release|Any CPU
		{5EDBDB8C-6FD7-4DDB-88E8-EC5CE8958209}.production|Any CPU.Build.0 = Release|Any CPU
		{5EDBDB8C-6FD7-4DDB-88E8-EC5CE8958209}.production|x64.ActiveCfg = Release|Any CPU
		{5EDBDB8C-6FD7-4DDB-88E8-EC5CE8958209}.production|x64.Build.0 = Release|Any CPU
		{5EDBDB8C-6FD7-4DDB-88E8-EC5CE8958209}.production|x86.ActiveCfg = Release|Any CPU
		{5EDBDB8C-6FD7-4DDB-88E8-EC5CE8958209}.production|x86.Build.0 = Release|Any CPU
		{5EDBDB8C-6FD7-4DDB-88E8-EC5CE8958209}.Release|Any CPU.ActiveCfg = Release|Any CPU
		{5EDBDB8C-6FD7-4DDB-88E8-EC5CE8958209}.Release|Any CPU.Build.0 = Release|Any CPU
		{5EDBDB8C-6FD7-4DDB-88E8-EC5CE8958209}.Release|x64.ActiveCfg = Release|Any CPU
		{5EDBDB8C-6FD7-4DDB-88E8-EC5CE8958209}.Release|x64.Build.0 = Release|Any CPU
		{5EDBDB8C-6FD7-4DDB-88E8-EC5CE8958209}.Release|x86.ActiveCfg = Release|Any CPU
		{5EDBDB8C-6FD7-4DDB-88E8-EC5CE8958209}.Release|x86.Build.0 = Release|Any CPU
		{5EDBDB8C-6FD7-4DDB-88E8-EC5CE8958209}.vasiliy.stan|Any CPU.ActiveCfg = Release|Any CPU
		{5EDBDB8C-6FD7-4DDB-88E8-EC5CE8958209}.vasiliy.stan|Any CPU.Build.0 = Release|Any CPU
		{5EDBDB8C-6FD7-4DDB-88E8-EC5CE8958209}.vasiliy.stan|x64.ActiveCfg = Release|Any CPU
		{5EDBDB8C-6FD7-4DDB-88E8-EC5CE8958209}.vasiliy.stan|x64.Build.0 = Release|Any CPU
		{5EDBDB8C-6FD7-4DDB-88E8-EC5CE8958209}.vasiliy.stan|x86.ActiveCfg = Release|Any CPU
		{5EDBDB8C-6FD7-4DDB-88E8-EC5CE8958209}.vasiliy.stan|x86.Build.0 = Release|Any CPU
		{73EA1BE0-A4EE-47E4-A871-8B2D71ABBFD5}.Debug|Any CPU.ActiveCfg = Debug|Any CPU
		{73EA1BE0-A4EE-47E4-A871-8B2D71ABBFD5}.Debug|Any CPU.Build.0 = Debug|Any CPU
		{73EA1BE0-A4EE-47E4-A871-8B2D71ABBFD5}.Debug|x64.ActiveCfg = Debug|Any CPU
		{73EA1BE0-A4EE-47E4-A871-8B2D71ABBFD5}.Debug|x64.Build.0 = Debug|Any CPU
		{73EA1BE0-A4EE-47E4-A871-8B2D71ABBFD5}.Debug|x86.ActiveCfg = Debug|Any CPU
		{73EA1BE0-A4EE-47E4-A871-8B2D71ABBFD5}.Debug|x86.Build.0 = Debug|Any CPU
		{73EA1BE0-A4EE-47E4-A871-8B2D71ABBFD5}.develop|Any CPU.ActiveCfg = Debug|Any CPU
		{73EA1BE0-A4EE-47E4-A871-8B2D71ABBFD5}.develop|Any CPU.Build.0 = Debug|Any CPU
		{73EA1BE0-A4EE-47E4-A871-8B2D71ABBFD5}.develop|x64.ActiveCfg = Debug|Any CPU
		{73EA1BE0-A4EE-47E4-A871-8B2D71ABBFD5}.develop|x64.Build.0 = Debug|Any CPU
		{73EA1BE0-A4EE-47E4-A871-8B2D71ABBFD5}.develop|x86.ActiveCfg = Debug|Any CPU
		{73EA1BE0-A4EE-47E4-A871-8B2D71ABBFD5}.develop|x86.Build.0 = Debug|Any CPU
		{73EA1BE0-A4EE-47E4-A871-8B2D71ABBFD5}.production|Any CPU.ActiveCfg = Release|Any CPU
		{73EA1BE0-A4EE-47E4-A871-8B2D71ABBFD5}.production|Any CPU.Build.0 = Release|Any CPU
		{73EA1BE0-A4EE-47E4-A871-8B2D71ABBFD5}.production|x64.ActiveCfg = Release|Any CPU
		{73EA1BE0-A4EE-47E4-A871-8B2D71ABBFD5}.production|x64.Build.0 = Release|Any CPU
		{73EA1BE0-A4EE-47E4-A871-8B2D71ABBFD5}.production|x86.ActiveCfg = Release|Any CPU
		{73EA1BE0-A4EE-47E4-A871-8B2D71ABBFD5}.production|x86.Build.0 = Release|Any CPU
		{73EA1BE0-A4EE-47E4-A871-8B2D71ABBFD5}.Release|Any CPU.ActiveCfg = Release|Any CPU
		{73EA1BE0-A4EE-47E4-A871-8B2D71ABBFD5}.Release|Any CPU.Build.0 = Release|Any CPU
		{73EA1BE0-A4EE-47E4-A871-8B2D71ABBFD5}.Release|x64.ActiveCfg = Release|Any CPU
		{73EA1BE0-A4EE-47E4-A871-8B2D71ABBFD5}.Release|x64.Build.0 = Release|Any CPU
		{73EA1BE0-A4EE-47E4-A871-8B2D71ABBFD5}.Release|x86.ActiveCfg = Release|Any CPU
		{73EA1BE0-A4EE-47E4-A871-8B2D71ABBFD5}.Release|x86.Build.0 = Release|Any CPU
		{73EA1BE0-A4EE-47E4-A871-8B2D71ABBFD5}.vasiliy.stan|Any CPU.ActiveCfg = Release|Any CPU
		{73EA1BE0-A4EE-47E4-A871-8B2D71ABBFD5}.vasiliy.stan|Any CPU.Build.0 = Release|Any CPU
		{73EA1BE0-A4EE-47E4-A871-8B2D71ABBFD5}.vasiliy.stan|x64.ActiveCfg = Release|Any CPU
		{73EA1BE0-A4EE-47E4-A871-8B2D71ABBFD5}.vasiliy.stan|x64.Build.0 = Release|Any CPU
		{73EA1BE0-A4EE-47E4-A871-8B2D71ABBFD5}.vasiliy.stan|x86.ActiveCfg = Release|Any CPU
		{73EA1BE0-A4EE-47E4-A871-8B2D71ABBFD5}.vasiliy.stan|x86.Build.0 = Release|Any CPU
		{441F42B4-D564-4171-BF64-9D52376D7F68}.Debug|Any CPU.ActiveCfg = Debug|Any CPU
		{441F42B4-D564-4171-BF64-9D52376D7F68}.Debug|Any CPU.Build.0 = Debug|Any CPU
		{441F42B4-D564-4171-BF64-9D52376D7F68}.Debug|x64.ActiveCfg = Debug|Any CPU
		{441F42B4-D564-4171-BF64-9D52376D7F68}.Debug|x64.Build.0 = Debug|Any CPU
		{441F42B4-D564-4171-BF64-9D52376D7F68}.Debug|x86.ActiveCfg = Debug|Any CPU
		{441F42B4-D564-4171-BF64-9D52376D7F68}.Debug|x86.Build.0 = Debug|Any CPU
		{441F42B4-D564-4171-BF64-9D52376D7F68}.develop|Any CPU.ActiveCfg = Debug|Any CPU
		{441F42B4-D564-4171-BF64-9D52376D7F68}.develop|Any CPU.Build.0 = Debug|Any CPU
		{441F42B4-D564-4171-BF64-9D52376D7F68}.develop|x64.ActiveCfg = Debug|Any CPU
		{441F42B4-D564-4171-BF64-9D52376D7F68}.develop|x64.Build.0 = Debug|Any CPU
		{441F42B4-D564-4171-BF64-9D52376D7F68}.develop|x86.ActiveCfg = Debug|Any CPU
		{441F42B4-D564-4171-BF64-9D52376D7F68}.develop|x86.Build.0 = Debug|Any CPU
		{441F42B4-D564-4171-BF64-9D52376D7F68}.production|Any CPU.ActiveCfg = Release|Any CPU
		{441F42B4-D564-4171-BF64-9D52376D7F68}.production|Any CPU.Build.0 = Release|Any CPU
		{441F42B4-D564-4171-BF64-9D52376D7F68}.production|x64.ActiveCfg = Release|Any CPU
		{441F42B4-D564-4171-BF64-9D52376D7F68}.production|x64.Build.0 = Release|Any CPU
		{441F42B4-D564-4171-BF64-9D52376D7F68}.production|x86.ActiveCfg = Release|Any CPU
		{441F42B4-D564-4171-BF64-9D52376D7F68}.production|x86.Build.0 = Release|Any CPU
		{441F42B4-D564-4171-BF64-9D52376D7F68}.Release|Any CPU.ActiveCfg = Release|Any CPU
		{441F42B4-D564-4171-BF64-9D52376D7F68}.Release|Any CPU.Build.0 = Release|Any CPU
		{441F42B4-D564-4171-BF64-9D52376D7F68}.Release|x64.ActiveCfg = Release|Any CPU
		{441F42B4-D564-4171-BF64-9D52376D7F68}.Release|x64.Build.0 = Release|Any CPU
		{441F42B4-D564-4171-BF64-9D52376D7F68}.Release|x86.ActiveCfg = Release|Any CPU
		{441F42B4-D564-4171-BF64-9D52376D7F68}.Release|x86.Build.0 = Release|Any CPU
		{441F42B4-D564-4171-BF64-9D52376D7F68}.vasiliy.stan|Any CPU.ActiveCfg = Release|Any CPU
		{441F42B4-D564-4171-BF64-9D52376D7F68}.vasiliy.stan|Any CPU.Build.0 = Release|Any CPU
		{441F42B4-D564-4171-BF64-9D52376D7F68}.vasiliy.stan|x64.ActiveCfg = Release|Any CPU
		{441F42B4-D564-4171-BF64-9D52376D7F68}.vasiliy.stan|x64.Build.0 = Release|Any CPU
		{441F42B4-D564-4171-BF64-9D52376D7F68}.vasiliy.stan|x86.ActiveCfg = Release|Any CPU
		{441F42B4-D564-4171-BF64-9D52376D7F68}.vasiliy.stan|x86.Build.0 = Release|Any CPU
		{62C63751-196E-416F-802D-A281AEAE398A}.Debug|Any CPU.ActiveCfg = Debug|Any CPU
		{62C63751-196E-416F-802D-A281AEAE398A}.Debug|Any CPU.Build.0 = Debug|Any CPU
		{62C63751-196E-416F-802D-A281AEAE398A}.Debug|x64.ActiveCfg = Debug|Any CPU
		{62C63751-196E-416F-802D-A281AEAE398A}.Debug|x64.Build.0 = Debug|Any CPU
		{62C63751-196E-416F-802D-A281AEAE398A}.Debug|x86.ActiveCfg = Debug|Any CPU
		{62C63751-196E-416F-802D-A281AEAE398A}.Debug|x86.Build.0 = Debug|Any CPU
		{62C63751-196E-416F-802D-A281AEAE398A}.develop|Any CPU.ActiveCfg = Debug|Any CPU
		{62C63751-196E-416F-802D-A281AEAE398A}.develop|Any CPU.Build.0 = Debug|Any CPU
		{62C63751-196E-416F-802D-A281AEAE398A}.develop|x64.ActiveCfg = Debug|Any CPU
		{62C63751-196E-416F-802D-A281AEAE398A}.develop|x64.Build.0 = Debug|Any CPU
		{62C63751-196E-416F-802D-A281AEAE398A}.develop|x86.ActiveCfg = Debug|Any CPU
		{62C63751-196E-416F-802D-A281AEAE398A}.develop|x86.Build.0 = Debug|Any CPU
		{62C63751-196E-416F-802D-A281AEAE398A}.production|Any CPU.ActiveCfg = Release|Any CPU
		{62C63751-196E-416F-802D-A281AEAE398A}.production|Any CPU.Build.0 = Release|Any CPU
		{62C63751-196E-416F-802D-A281AEAE398A}.production|x64.ActiveCfg = Release|Any CPU
		{62C63751-196E-416F-802D-A281AEAE398A}.production|x64.Build.0 = Release|Any CPU
		{62C63751-196E-416F-802D-A281AEAE398A}.production|x86.ActiveCfg = Release|Any CPU
		{62C63751-196E-416F-802D-A281AEAE398A}.production|x86.Build.0 = Release|Any CPU
		{62C63751-196E-416F-802D-A281AEAE398A}.Release|Any CPU.ActiveCfg = Release|Any CPU
		{62C63751-196E-416F-802D-A281AEAE398A}.Release|Any CPU.Build.0 = Release|Any CPU
		{62C63751-196E-416F-802D-A281AEAE398A}.Release|x64.ActiveCfg = Release|Any CPU
		{62C63751-196E-416F-802D-A281AEAE398A}.Release|x64.Build.0 = Release|Any CPU
		{62C63751-196E-416F-802D-A281AEAE398A}.Release|x86.ActiveCfg = Release|Any CPU
		{62C63751-196E-416F-802D-A281AEAE398A}.Release|x86.Build.0 = Release|Any CPU
		{62C63751-196E-416F-802D-A281AEAE398A}.vasiliy.stan|Any CPU.ActiveCfg = Release|Any CPU
		{62C63751-196E-416F-802D-A281AEAE398A}.vasiliy.stan|Any CPU.Build.0 = Release|Any CPU
		{62C63751-196E-416F-802D-A281AEAE398A}.vasiliy.stan|x64.ActiveCfg = Release|Any CPU
		{62C63751-196E-416F-802D-A281AEAE398A}.vasiliy.stan|x64.Build.0 = Release|Any CPU
		{62C63751-196E-416F-802D-A281AEAE398A}.vasiliy.stan|x86.ActiveCfg = Release|Any CPU
		{62C63751-196E-416F-802D-A281AEAE398A}.vasiliy.stan|x86.Build.0 = Release|Any CPU
		{2693933E-C04A-4AA7-A516-9638C94E98CB}.Debug|Any CPU.ActiveCfg = Debug|Any CPU
		{2693933E-C04A-4AA7-A516-9638C94E98CB}.Debug|Any CPU.Build.0 = Debug|Any CPU
		{2693933E-C04A-4AA7-A516-9638C94E98CB}.Debug|x64.ActiveCfg = Debug|Any CPU
		{2693933E-C04A-4AA7-A516-9638C94E98CB}.Debug|x64.Build.0 = Debug|Any CPU
		{2693933E-C04A-4AA7-A516-9638C94E98CB}.Debug|x86.ActiveCfg = Debug|Any CPU
		{2693933E-C04A-4AA7-A516-9638C94E98CB}.Debug|x86.Build.0 = Debug|Any CPU
		{2693933E-C04A-4AA7-A516-9638C94E98CB}.develop|Any CPU.ActiveCfg = Debug|Any CPU
		{2693933E-C04A-4AA7-A516-9638C94E98CB}.develop|Any CPU.Build.0 = Debug|Any CPU
		{2693933E-C04A-4AA7-A516-9638C94E98CB}.develop|x64.ActiveCfg = Debug|Any CPU
		{2693933E-C04A-4AA7-A516-9638C94E98CB}.develop|x64.Build.0 = Debug|Any CPU
		{2693933E-C04A-4AA7-A516-9638C94E98CB}.develop|x86.ActiveCfg = Debug|Any CPU
		{2693933E-C04A-4AA7-A516-9638C94E98CB}.develop|x86.Build.0 = Debug|Any CPU
		{2693933E-C04A-4AA7-A516-9638C94E98CB}.production|Any CPU.ActiveCfg = Release|Any CPU
		{2693933E-C04A-4AA7-A516-9638C94E98CB}.production|Any CPU.Build.0 = Release|Any CPU
		{2693933E-C04A-4AA7-A516-9638C94E98CB}.production|x64.ActiveCfg = Release|Any CPU
		{2693933E-C04A-4AA7-A516-9638C94E98CB}.production|x64.Build.0 = Release|Any CPU
		{2693933E-C04A-4AA7-A516-9638C94E98CB}.production|x86.ActiveCfg = Release|Any CPU
		{2693933E-C04A-4AA7-A516-9638C94E98CB}.production|x86.Build.0 = Release|Any CPU
		{2693933E-C04A-4AA7-A516-9638C94E98CB}.Release|Any CPU.ActiveCfg = Release|Any CPU
		{2693933E-C04A-4AA7-A516-9638C94E98CB}.Release|Any CPU.Build.0 = Release|Any CPU
		{2693933E-C04A-4AA7-A516-9638C94E98CB}.Release|x64.ActiveCfg = Release|Any CPU
		{2693933E-C04A-4AA7-A516-9638C94E98CB}.Release|x64.Build.0 = Release|Any CPU
		{2693933E-C04A-4AA7-A516-9638C94E98CB}.Release|x86.ActiveCfg = Release|Any CPU
		{2693933E-C04A-4AA7-A516-9638C94E98CB}.Release|x86.Build.0 = Release|Any CPU
		{2693933E-C04A-4AA7-A516-9638C94E98CB}.vasiliy.stan|Any CPU.ActiveCfg = Release|Any CPU
		{2693933E-C04A-4AA7-A516-9638C94E98CB}.vasiliy.stan|Any CPU.Build.0 = Release|Any CPU
		{2693933E-C04A-4AA7-A516-9638C94E98CB}.vasiliy.stan|x64.ActiveCfg = Release|Any CPU
		{2693933E-C04A-4AA7-A516-9638C94E98CB}.vasiliy.stan|x64.Build.0 = Release|Any CPU
		{2693933E-C04A-4AA7-A516-9638C94E98CB}.vasiliy.stan|x86.ActiveCfg = Release|Any CPU
		{2693933E-C04A-4AA7-A516-9638C94E98CB}.vasiliy.stan|x86.Build.0 = Release|Any CPU
		{B1BC5ED0-E216-4004-AA85-91427413EB89}.Debug|Any CPU.ActiveCfg = Debug|Any CPU
		{B1BC5ED0-E216-4004-AA85-91427413EB89}.Debug|Any CPU.Build.0 = Debug|Any CPU
		{B1BC5ED0-E216-4004-AA85-91427413EB89}.Debug|x64.ActiveCfg = Debug|x64
		{B1BC5ED0-E216-4004-AA85-91427413EB89}.Debug|x64.Build.0 = Debug|x64
		{B1BC5ED0-E216-4004-AA85-91427413EB89}.Debug|x86.ActiveCfg = Debug|x86
		{B1BC5ED0-E216-4004-AA85-91427413EB89}.Debug|x86.Build.0 = Debug|x86
		{B1BC5ED0-E216-4004-AA85-91427413EB89}.develop|Any CPU.ActiveCfg = develop|Any CPU
		{B1BC5ED0-E216-4004-AA85-91427413EB89}.develop|Any CPU.Build.0 = develop|Any CPU
		{B1BC5ED0-E216-4004-AA85-91427413EB89}.develop|x64.ActiveCfg = develop|x64
		{B1BC5ED0-E216-4004-AA85-91427413EB89}.develop|x64.Build.0 = develop|x64
		{B1BC5ED0-E216-4004-AA85-91427413EB89}.develop|x86.ActiveCfg = develop|x86
		{B1BC5ED0-E216-4004-AA85-91427413EB89}.develop|x86.Build.0 = develop|x86
		{B1BC5ED0-E216-4004-AA85-91427413EB89}.production|Any CPU.ActiveCfg = production|Any CPU
		{B1BC5ED0-E216-4004-AA85-91427413EB89}.production|Any CPU.Build.0 = production|Any CPU
		{B1BC5ED0-E216-4004-AA85-91427413EB89}.production|x64.ActiveCfg = production|x64
		{B1BC5ED0-E216-4004-AA85-91427413EB89}.production|x64.Build.0 = production|x64
		{B1BC5ED0-E216-4004-AA85-91427413EB89}.production|x86.ActiveCfg = production|x86
		{B1BC5ED0-E216-4004-AA85-91427413EB89}.production|x86.Build.0 = production|x86
		{B1BC5ED0-E216-4004-AA85-91427413EB89}.Release|Any CPU.ActiveCfg = Release|Any CPU
		{B1BC5ED0-E216-4004-AA85-91427413EB89}.Release|Any CPU.Build.0 = Release|Any CPU
		{B1BC5ED0-E216-4004-AA85-91427413EB89}.Release|x64.ActiveCfg = Release|x64
		{B1BC5ED0-E216-4004-AA85-91427413EB89}.Release|x64.Build.0 = Release|x64
		{B1BC5ED0-E216-4004-AA85-91427413EB89}.Release|x86.ActiveCfg = Release|x86
		{B1BC5ED0-E216-4004-AA85-91427413EB89}.Release|x86.Build.0 = Release|x86
		{B1BC5ED0-E216-4004-AA85-91427413EB89}.vasiliy.stan|Any CPU.ActiveCfg = vasiliy.stan|Any CPU
		{B1BC5ED0-E216-4004-AA85-91427413EB89}.vasiliy.stan|Any CPU.Build.0 = vasiliy.stan|Any CPU
		{B1BC5ED0-E216-4004-AA85-91427413EB89}.vasiliy.stan|x64.ActiveCfg = vasiliy.stan|x64
		{B1BC5ED0-E216-4004-AA85-91427413EB89}.vasiliy.stan|x64.Build.0 = vasiliy.stan|x64
		{B1BC5ED0-E216-4004-AA85-91427413EB89}.vasiliy.stan|x86.ActiveCfg = vasiliy.stan|x86
		{B1BC5ED0-E216-4004-AA85-91427413EB89}.vasiliy.stan|x86.Build.0 = vasiliy.stan|x86
	EndGlobalSection
	GlobalSection(SolutionProperties) = preSolution
		HideSolutionNode = FALSE
	EndGlobalSection
	GlobalSection(NestedProjects) = preSolution
		{2FBFD94D-66E5-48BA-A4B4-8A9C6810A112} = {DF842C0F-4927-483A-BB1C-52026CC96D20}
		{5EDBDB8C-6FD7-4DDB-88E8-EC5CE8958209} = {8F3C66D1-20CC-41E5-B785-DD33DA155ECD}
		{73EA1BE0-A4EE-47E4-A871-8B2D71ABBFD5} = {DF842C0F-4927-483A-BB1C-52026CC96D20}
		{441F42B4-D564-4171-BF64-9D52376D7F68} = {8F3C66D1-20CC-41E5-B785-DD33DA155ECD}
		{62C63751-196E-416F-802D-A281AEAE398A} = {40446E05-1F60-4C5B-9919-60C6227D9164}
		{2693933E-C04A-4AA7-A516-9638C94E98CB} = {40446E05-1F60-4C5B-9919-60C6227D9164}
		{B1BC5ED0-E216-4004-AA85-91427413EB89} = {8F3C66D1-20CC-41E5-B785-DD33DA155ECD}
	EndGlobalSection
	GlobalSection(ExtensibilityGlobals) = postSolution
		RESX_NeutralResourcesLanguage = eo-001
		SolutionGuid = {618EC64C-4EB6-412A-B06F-5E2ABF1AE976}
	EndGlobalSection
EndGlobal
