
Microsoft Visual Studio Solution File, Format Version 12.00
# Visual Studio 14
VisualStudioVersion = 14.0.25420.1
MinimumVisualStudioVersion = 10.0.40219.1
Project("{FAE04EC0-301F-11D3-BF4B-00C04F79EFBC}") = "UnitTestProject", "UnitTestProject\UnitTestProject.csproj", "{2FBFD94D-66E5-48BA-A4B4-8A9C6810A112}"
EndProject
Project("{FAE04EC0-301F-11D3-BF4B-00C04F79EFBC}") = "QuestCore", "QuestCore\QuestCore.csproj", "{441F42B4-D564-4171-BF64-9D52376D7F68}"
EndProject
Project("{FAE04EC0-301F-11D3-BF4B-00C04F79EFBC}") = "QuestInterview", "QuestInterview\QuestInterview.csproj", "{2693933E-C04A-4AA7-A516-9638C94E98CB}"
EndProject
Project("{FAE04EC0-301F-11D3-BF4B-00C04F79EFBC}") = "QuestConstructor", "QuestConstructor\QuestConstructor.csproj", "{62C63751-196E-416F-802D-A281AEAE398A}"
EndProject
Global
	GlobalSection(SolutionConfigurationPlatforms) = preSolution
		Debug|Any CPU = Debug|Any CPU
		Release|Any CPU = Release|Any CPU
	EndGlobalSection
	GlobalSection(ProjectConfigurationPlatforms) = postSolution
		{2FBFD94D-66E5-48BA-A4B4-8A9C6810A112}.Debug|Any CPU.ActiveCfg = Debug|Any CPU
		{2FBFD94D-66E5-48BA-A4B4-8A9C6810A112}.Debug|Any CPU.Build.0 = Debug|Any CPU
		{2FBFD94D-66E5-48BA-A4B4-8A9C6810A112}.Release|Any CPU.ActiveCfg = Release|Any CPU
		{2FBFD94D-66E5-48BA-A4B4-8A9C6810A112}.Release|Any CPU.Build.0 = Release|Any CPU
		{441F42B4-D564-4171-BF64-9D52376D7F68}.Debug|Any CPU.ActiveCfg = Debug|Any CPU
		{441F42B4-D564-4171-BF64-9D52376D7F68}.Debug|Any CPU.Build.0 = Debug|Any CPU
		{441F42B4-D564-4171-BF64-9D52376D7F68}.Release|Any CPU.ActiveCfg = Release|Any CPU
		{441F42B4-D564-4171-BF64-9D52376D7F68}.Release|Any CPU.Build.0 = Release|Any CPU
		{2693933E-C04A-4AA7-A516-9638C94E98CB}.Debug|Any CPU.ActiveCfg = Debug|Any CPU
		{2693933E-C04A-4AA7-A516-9638C94E98CB}.Debug|Any CPU.Build.0 = Debug|Any CPU
		{2693933E-C04A-4AA7-A516-9638C94E98CB}.Release|Any CPU.ActiveCfg = Release|Any CPU
		{2693933E-C04A-4AA7-A516-9638C94E98CB}.Release|Any CPU.Build.0 = Release|Any CPU
		{62C63751-196E-416F-802D-A281AEAE398A}.Debug|Any CPU.ActiveCfg = Debug|Any CPU
		{62C63751-196E-416F-802D-A281AEAE398A}.Debug|Any CPU.Build.0 = Debug|Any CPU
		{62C63751-196E-416F-802D-A281AEAE398A}.Release|Any CPU.ActiveCfg = Release|Any CPU
		{62C63751-196E-416F-802D-A281AEAE398A}.Release|Any CPU.Build.0 = Release|Any CPU
	EndGlobalSection
	GlobalSection(SolutionProperties) = preSolution
		HideSolutionNode = FALSE
	EndGlobalSection
EndGlobal
